
Microsoft Visual Studio Solution File, Format Version 12.00
# Visual Studio Version 17
VisualStudioVersion = 17.4.33213.308
MinimumVisualStudioVersion = 10.0.40219.1
Project("{9A19103F-16F7-4668-BE54-9A1E7A4F7556}") = "DocumentsStore", "DocumentsStore\DocumentsStore.csproj", "{4A097EB0-B491-4C7C-ABEC-D466C7229E59}"
EndProject
Project("{9A19103F-16F7-4668-BE54-9A1E7A4F7556}") = "DocumentStore.BL", "DocumentStore.BL\DocumentStore.BL.csproj", "{9EE2F621-047E-4E11-B7E4-BB51B177C9F0}"
EndProject
Project("{FAE04EC0-301F-11D3-BF4B-00C04F79EFBC}") = "DocumentStore.Tests", "DocumentStore.Tests\DocumentStore.Tests.csproj", "{ECE01A71-ABAC-4B1E-A29B-1FAAA23AFD92}"
EndProject
Global
	GlobalSection(SolutionConfigurationPlatforms) = preSolution
		Debug|Any CPU = Debug|Any CPU
		Release|Any CPU = Release|Any CPU
	EndGlobalSection
	GlobalSection(ProjectConfigurationPlatforms) = postSolution
		{4A097EB0-B491-4C7C-ABEC-D466C7229E59}.Debug|Any CPU.ActiveCfg = Debug|Any CPU
		{4A097EB0-B491-4C7C-ABEC-D466C7229E59}.Debug|Any CPU.Build.0 = Debug|Any CPU
		{4A097EB0-B491-4C7C-ABEC-D466C7229E59}.Release|Any CPU.ActiveCfg = Release|Any CPU
		{4A097EB0-B491-4C7C-ABEC-D466C7229E59}.Release|Any CPU.Build.0 = Release|Any CPU
		{9EE2F621-047E-4E11-B7E4-BB51B177C9F0}.Debug|Any CPU.ActiveCfg = Debug|Any CPU
		{9EE2F621-047E-4E11-B7E4-BB51B177C9F0}.Debug|Any CPU.Build.0 = Debug|Any CPU
		{9EE2F621-047E-4E11-B7E4-BB51B177C9F0}.Release|Any CPU.ActiveCfg = Release|Any CPU
		{9EE2F621-047E-4E11-B7E4-BB51B177C9F0}.Release|Any CPU.Build.0 = Release|Any CPU
		{ECE01A71-ABAC-4B1E-A29B-1FAAA23AFD92}.Debug|Any CPU.ActiveCfg = Debug|Any CPU
		{ECE01A71-ABAC-4B1E-A29B-1FAAA23AFD92}.Debug|Any CPU.Build.0 = Debug|Any CPU
		{ECE01A71-ABAC-4B1E-A29B-1FAAA23AFD92}.Release|Any CPU.ActiveCfg = Release|Any CPU
		{ECE01A71-ABAC-4B1E-A29B-1FAAA23AFD92}.Release|Any CPU.Build.0 = Release|Any CPU
	EndGlobalSection
	GlobalSection(SolutionProperties) = preSolution
		HideSolutionNode = FALSE
	EndGlobalSection
	GlobalSection(ExtensibilityGlobals) = postSolution
		SolutionGuid = {58B17F64-462F-4F8A-96BF-23B10012C4DA}
	EndGlobalSection
EndGlobal
